
Microsoft Visual Studio Solution File, Format Version 12.00
# Visual Studio 15
VisualStudioVersion = 15.0.28307.168
MinimumVisualStudioVersion = 10.0.40219.1
Project("{FAE04EC0-301F-11D3-BF4B-00C04F79EFBC}") = "registration", "registration\registration.csproj", "{0AE9EE0B-839C-4B66-923B-7D507CC1E289}"
EndProject
Global
	GlobalSection(SolutionConfigurationPlatforms) = preSolution
		Debug|Any CPU = Debug|Any CPU
		Release|Any CPU = Release|Any CPU
	EndGlobalSection
	GlobalSection(ProjectConfigurationPlatforms) = postSolution
		{0AE9EE0B-839C-4B66-923B-7D507CC1E289}.Debug|Any CPU.ActiveCfg = Debug|Any CPU
		{0AE9EE0B-839C-4B66-923B-7D507CC1E289}.Debug|Any CPU.Build.0 = Debug|Any CPU
		{0AE9EE0B-839C-4B66-923B-7D507CC1E289}.Release|Any CPU.ActiveCfg = Release|Any CPU
		{0AE9EE0B-839C-4B66-923B-7D507CC1E289}.Release|Any CPU.Build.0 = Release|Any CPU
	EndGlobalSection
	GlobalSection(SolutionProperties) = preSolution
		HideSolutionNode = FALSE
	EndGlobalSection
	GlobalSection(ExtensibilityGlobals) = postSolution
		SolutionGuid = {E2ECD8A9-39E1-4FE0-ABA3-9084F5010906}
	EndGlobalSection
EndGlobal
